<?xml version="1.0" encoding="utf-8"?>
<Project ToolsVersion="4.0" xmlns="http://schemas.microsoft.com/developer/msbuild/2003">
  <ItemGroup>
    <Filter Include="API FrameWork">
      <UniqueIdentifier>{a8d5b05f-49c9-4e4b-85c4-19da49dca562}</UniqueIdentifier>
    </Filter>
    <Filter Include="API FrameWork\DesignPattern">
      <UniqueIdentifier>{d3e4880b-030c-4ce3-9f72-f7ecc60b1f86}</UniqueIdentifier>
    </Filter>
    <Filter Include="API FrameWork\GameNode">
      <UniqueIdentifier>{be7a06d4-bfb0-46fd-acb6-d83525f7ec4c}</UniqueIdentifier>
    </Filter>
    <Filter Include="API FrameWork\Stdafx">
      <UniqueIdentifier>{e8043904-0b3e-49b7-9fa2-efc8fdd4fede}</UniqueIdentifier>
    </Filter>
    <Filter Include="API FrameWork\Utility">
      <UniqueIdentifier>{598944ae-d6b2-4b7c-8b5d-0ad08a71f23a}</UniqueIdentifier>
    </Filter>
    <Filter Include="API FrameWork\Image">
      <UniqueIdentifier>{d2cbb5f4-3333-4b3e-b927-1974c591647c}</UniqueIdentifier>
    </Filter>
    <Filter Include="API FrameWork\Manager">
      <UniqueIdentifier>{9f7ece2b-a2a7-4a4a-836e-c2f0676779e6}</UniqueIdentifier>
    </Filter>
    <Filter Include="MainGame">
      <UniqueIdentifier>{e40b2880-c9fb-4a69-9c9f-c4bc7a27d113}</UniqueIdentifier>
    </Filter>
    <Filter Include="GameScene">
      <UniqueIdentifier>{24470526-9b89-4657-b775-f9867e0d965e}</UniqueIdentifier>
    </Filter>
    <Filter Include="data">
      <UniqueIdentifier>{8d8902e8-a465-4ab0-ae59-0ddfa36ee7d4}</UniqueIdentifier>
    </Filter>
  </ItemGroup>
  <ItemGroup>
    <ClInclude Include="Stdafx.h">
      <Filter>API FrameWork\Stdafx</Filter>
    </ClInclude>
    <ClInclude Include="RandomFunction.h">
      <Filter>API FrameWork\Utility</Filter>
    </ClInclude>
    <ClInclude Include="GameNode.h">
      <Filter>API FrameWork\GameNode</Filter>
    </ClInclude>
    <ClInclude Include="KeyManager.h">
      <Filter>API FrameWork\Manager</Filter>
    </ClInclude>
    <ClInclude Include="Image.h">
      <Filter>API FrameWork\Image</Filter>
    </ClInclude>
    <ClInclude Include="ImageManager.h">
      <Filter>API FrameWork\Image</Filter>
    </ClInclude>
    <ClInclude Include="SingletonBase.h">
      <Filter>API FrameWork\DesignPattern</Filter>
    </ClInclude>
    <ClInclude Include="MakeFunction.h">
      <Filter>API FrameWork\Utility</Filter>
    </ClInclude>
    <ClInclude Include="MainGame.h">
      <Filter>MainGame</Filter>
    </ClInclude>
    <ClInclude Include="RoadTap.h">
      <Filter>GameScene</Filter>
    </ClInclude>
    <ClInclude Include="GameScene.h">
      <Filter>GameScene</Filter>
    </ClInclude>
    <ClInclude Include="BattleTap.h">
      <Filter>GameScene</Filter>
    </ClInclude>
    <ClInclude Include="ItemData.h">
      <Filter>data</Filter>
    </ClInclude>
    <ClInclude Include="BlockData.h">
      <Filter>data</Filter>
    </ClInclude>
    <ClInclude Include="BaseData.h">
      <Filter>data</Filter>
    </ClInclude>
  </ItemGroup>
  <ItemGroup>
    <ClCompile Include="KeyManager.cpp">
      <Filter>API FrameWork\Manager</Filter>
    </ClCompile>
    <ClCompile Include="GameNode.cpp">
      <Filter>API FrameWork\GameNode</Filter>
    </ClCompile>
    <ClCompile Include="Image.cpp">
      <Filter>API FrameWork\Image</Filter>
    </ClCompile>
    <ClCompile Include="ImageManager.cpp">
      <Filter>API FrameWork\Image</Filter>
    </ClCompile>
    <ClCompile Include="MainGame.cpp">
      <Filter>MainGame</Filter>
    </ClCompile>
    <ClCompile Include="RoadTap.cpp">
      <Filter>GameScene</Filter>
    </ClCompile>
    <ClCompile Include="GameScene.cpp">
      <Filter>GameScene</Filter>
    </ClCompile>
    <ClCompile Include="BattleTap.cpp">
      <Filter>GameScene</Filter>
    </ClCompile>
    <ClCompile Include="BlockData.cpp">
      <Filter>data</Filter>
    </ClCompile>
    <ClCompile Include="WinMain.cpp">
      <Filter>API FrameWork</Filter>
    </ClCompile>
    <ClCompile Include="BaseData.cpp">
      <Filter>data</Filter>
    </ClCompile>
  </ItemGroup>
</Project>